
Microsoft Visual Studio Solution File, Format Version 12.00
# Visual Studio Version 16
VisualStudioVersion = 16.0.32228.343
MinimumVisualStudioVersion = 10.0.40219.1
Project("{FAE04EC0-301F-11D3-BF4B-00C04F79EFBC}") = "NoleggioVeicoliApplication.Web", "NoleggioVeicoli.WebApplication\NoleggioVeicoliApplication.Web.csproj", "{481A28B8-085D-4BA0-93A0-DD221FBA0ECB}"
EndProject
Project("{FAE04EC0-301F-11D3-BF4B-00C04F79EFBC}") = "NoleggioVeicoloApplication.Business", "NoleggioVeicoloApplication.Business\NoleggioVeicoloApplication.Business.csproj", "{DA373462-11B1-415A-8227-746B9B1231F3}"
EndProject
Global
	GlobalSection(SolutionConfigurationPlatforms) = preSolution
		Debug|Any CPU = Debug|Any CPU
		Release|Any CPU = Release|Any CPU
	EndGlobalSection
	GlobalSection(ProjectConfigurationPlatforms) = postSolution
		{481A28B8-085D-4BA0-93A0-DD221FBA0ECB}.Debug|Any CPU.ActiveCfg = Debug|Any CPU
		{481A28B8-085D-4BA0-93A0-DD221FBA0ECB}.Debug|Any CPU.Build.0 = Debug|Any CPU
		{481A28B8-085D-4BA0-93A0-DD221FBA0ECB}.Release|Any CPU.ActiveCfg = Release|Any CPU
		{481A28B8-085D-4BA0-93A0-DD221FBA0ECB}.Release|Any CPU.Build.0 = Release|Any CPU
		{DA373462-11B1-415A-8227-746B9B1231F3}.Debug|Any CPU.ActiveCfg = Debug|Any CPU
		{DA373462-11B1-415A-8227-746B9B1231F3}.Debug|Any CPU.Build.0 = Debug|Any CPU
		{DA373462-11B1-415A-8227-746B9B1231F3}.Release|Any CPU.ActiveCfg = Release|Any CPU
		{DA373462-11B1-415A-8227-746B9B1231F3}.Release|Any CPU.Build.0 = Release|Any CPU
	EndGlobalSection
	GlobalSection(SolutionProperties) = preSolution
		HideSolutionNode = FALSE
	EndGlobalSection
	GlobalSection(ExtensibilityGlobals) = postSolution
		SolutionGuid = {C7D1E640-526A-4772-890D-306F7820B7AB}
	EndGlobalSection
EndGlobal
